
Microsoft Visual Studio Solution File, Format Version 12.00
# Visual Studio Version 17
VisualStudioVersion = 17.14.37111.16 d17.14
MinimumVisualStudioVersion = 10.0.40219.1
Project("{FAE04EC0-301F-11D3-BF4B-00C04F79EFBC}") = "Superheroes", "Superheroes.csproj", "{9977B1FA-F7DF-417B-9579-C37EFDC4B7B4}"
EndProject
Global
	GlobalSection(SolutionConfigurationPlatforms) = preSolution
		Debug|Any CPU = Debug|Any CPU
		Release|Any CPU = Release|Any CPU
	EndGlobalSection
	GlobalSection(ProjectConfigurationPlatforms) = postSolution
		{9977B1FA-F7DF-417B-9579-C37EFDC4B7B4}.Debug|Any CPU.ActiveCfg = Debug|Any CPU
		{9977B1FA-F7DF-417B-9579-C37EFDC4B7B4}.Debug|Any CPU.Build.0 = Debug|Any CPU
		{9977B1FA-F7DF-417B-9579-C37EFDC4B7B4}.Release|Any CPU.ActiveCfg = Release|Any CPU
		{9977B1FA-F7DF-417B-9579-C37EFDC4B7B4}.Release|Any CPU.Build.0 = Release|Any CPU
	EndGlobalSection
	GlobalSection(SolutionProperties) = preSolution
		HideSolutionNode = FALSE
	EndGlobalSection
	GlobalSection(ExtensibilityGlobals) = postSolution
		SolutionGuid = {CF210671-F05D-4C5E-94FB-D3D2B405FFA3}
	EndGlobalSection
EndGlobal
