
Microsoft Visual Studio Solution File, Format Version 12.00
# Visual Studio Version 17
VisualStudioVersion = 17.14.37111.16 d17.14
MinimumVisualStudioVersion = 10.0.40219.1
Project("{FAE04EC0-301F-11D3-BF4B-00C04F79EFBC}") = "w1e2", "w1e2.csproj", "{5061506A-67A2-4FB5-8B89-18677256FE8E}"
EndProject
Global
	GlobalSection(SolutionConfigurationPlatforms) = preSolution
		Debug|Any CPU = Debug|Any CPU
		Release|Any CPU = Release|Any CPU
	EndGlobalSection
	GlobalSection(ProjectConfigurationPlatforms) = postSolution
		{5061506A-67A2-4FB5-8B89-18677256FE8E}.Debug|Any CPU.ActiveCfg = Debug|Any CPU
		{5061506A-67A2-4FB5-8B89-18677256FE8E}.Debug|Any CPU.Build.0 = Debug|Any CPU
		{5061506A-67A2-4FB5-8B89-18677256FE8E}.Release|Any CPU.ActiveCfg = Release|Any CPU
		{5061506A-67A2-4FB5-8B89-18677256FE8E}.Release|Any CPU.Build.0 = Release|Any CPU
	EndGlobalSection
	GlobalSection(SolutionProperties) = preSolution
		HideSolutionNode = FALSE
	EndGlobalSection
	GlobalSection(ExtensibilityGlobals) = postSolution
		SolutionGuid = {5B3044FC-3E29-4C48-A328-8D9C7996D027}
	EndGlobalSection
EndGlobal
