
Microsoft Visual Studio Solution File, Format Version 12.00
# Visual Studio Version 17
VisualStudioVersion = 17.14.37111.16 d17.14
MinimumVisualStudioVersion = 10.0.40219.1
Project("{FAE04EC0-301F-11D3-BF4B-00C04F79EFBC}") = "w1e1", "w1e1.csproj", "{0935948D-403C-48DD-94B3-763D5359AD43}"
EndProject
Global
	GlobalSection(SolutionConfigurationPlatforms) = preSolution
		Debug|Any CPU = Debug|Any CPU
		Release|Any CPU = Release|Any CPU
	EndGlobalSection
	GlobalSection(ProjectConfigurationPlatforms) = postSolution
		{0935948D-403C-48DD-94B3-763D5359AD43}.Debug|Any CPU.ActiveCfg = Debug|Any CPU
		{0935948D-403C-48DD-94B3-763D5359AD43}.Debug|Any CPU.Build.0 = Debug|Any CPU
		{0935948D-403C-48DD-94B3-763D5359AD43}.Release|Any CPU.ActiveCfg = Release|Any CPU
		{0935948D-403C-48DD-94B3-763D5359AD43}.Release|Any CPU.Build.0 = Release|Any CPU
	EndGlobalSection
	GlobalSection(SolutionProperties) = preSolution
		HideSolutionNode = FALSE
	EndGlobalSection
	GlobalSection(ExtensibilityGlobals) = postSolution
		SolutionGuid = {3427ABFE-624A-40AE-8EAD-23A496E48A2E}
	EndGlobalSection
EndGlobal
