
Microsoft Visual Studio Solution File, Format Version 12.00
# Visual Studio Version 17
VisualStudioVersion = 17.14.37111.16 d17.14
MinimumVisualStudioVersion = 10.0.40219.1
Project("{FAE04EC0-301F-11D3-BF4B-00C04F79EFBC}") = "PracticaFormativa1", "PracticaFormativa1.csproj", "{6055D8C8-1C65-48A6-B567-94C75CADFA4D}"
EndProject
Global
	GlobalSection(SolutionConfigurationPlatforms) = preSolution
		Debug|Any CPU = Debug|Any CPU
		Release|Any CPU = Release|Any CPU
	EndGlobalSection
	GlobalSection(ProjectConfigurationPlatforms) = postSolution
		{6055D8C8-1C65-48A6-B567-94C75CADFA4D}.Debug|Any CPU.ActiveCfg = Debug|Any CPU
		{6055D8C8-1C65-48A6-B567-94C75CADFA4D}.Debug|Any CPU.Build.0 = Debug|Any CPU
		{6055D8C8-1C65-48A6-B567-94C75CADFA4D}.Release|Any CPU.ActiveCfg = Release|Any CPU
		{6055D8C8-1C65-48A6-B567-94C75CADFA4D}.Release|Any CPU.Build.0 = Release|Any CPU
	EndGlobalSection
	GlobalSection(SolutionProperties) = preSolution
		HideSolutionNode = FALSE
	EndGlobalSection
	GlobalSection(ExtensibilityGlobals) = postSolution
		SolutionGuid = {1D140565-E9C6-4BD0-84F4-F493D21D082A}
	EndGlobalSection
EndGlobal
